
Microsoft Visual Studio Solution File, Format Version 12.00
# Visual Studio 15
VisualStudioVersion = 15.0.27428.2015
MinimumVisualStudioVersion = 10.0.40219.1
Project("{FAE04EC0-301F-11D3-BF4B-00C04F79EFBC}") = "Lighthouse", "Lighthouse\Lighthouse.csproj", "{87BE1ABF-1F59-41AB-A3CB-4B1E7E0B218A}"
EndProject
Project("{FAE04EC0-301F-11D3-BF4B-00C04F79EFBC}") = "FamilyCluster.Sister", "FamilyCluster.Sister\FamilyCluster.Sister.csproj", "{950368F5-391B-4293-A108-2A9C329F53CE}"
EndProject
Project("{FAE04EC0-301F-11D3-BF4B-00C04F79EFBC}") = "FamilyCluster.Brother", "FamilyCluster.Brother\FamilyCluster.Brother.csproj", "{7D2181D4-934A-4977-AC11-4546017A4353}"
EndProject
Project("{FAE04EC0-301F-11D3-BF4B-00C04F79EFBC}") = "FamilyCluster.Common", "FamilyCluster.Common\FamilyCluster.Common.csproj", "{17977547-44CF-463C-BD0E-E222E4507396}"
EndProject
Project("{FAE04EC0-301F-11D3-BF4B-00C04F79EFBC}") = "FamilyCluster.Lord", "FamilyCluster.Lord\FamilyCluster.Lord.csproj", "{32F0228F-AD3C-4073-9938-B82A2BB74F4E}"
EndProject
Project("{2150E333-8FDC-42A3-9474-1A3956D46DE8}") = "PaketMgmt", "PaketMgmt", "{3B27DF46-A5F4-4C86-9CAD-45BA0621D20C}"
	ProjectSection(SolutionItems) = preProject
		paket.dependencies = paket.dependencies
		paket.lock = paket.lock
	EndProjectSection
EndProject
Global
	GlobalSection(SolutionConfigurationPlatforms) = preSolution
		Debug|Any CPU = Debug|Any CPU
		Release|Any CPU = Release|Any CPU
	EndGlobalSection
	GlobalSection(ProjectConfigurationPlatforms) = postSolution
		{87BE1ABF-1F59-41AB-A3CB-4B1E7E0B218A}.Debug|Any CPU.ActiveCfg = Debug|Any CPU
		{87BE1ABF-1F59-41AB-A3CB-4B1E7E0B218A}.Debug|Any CPU.Build.0 = Debug|Any CPU
		{87BE1ABF-1F59-41AB-A3CB-4B1E7E0B218A}.Release|Any CPU.ActiveCfg = Release|Any CPU
		{87BE1ABF-1F59-41AB-A3CB-4B1E7E0B218A}.Release|Any CPU.Build.0 = Release|Any CPU
		{950368F5-391B-4293-A108-2A9C329F53CE}.Debug|Any CPU.ActiveCfg = Debug|Any CPU
		{950368F5-391B-4293-A108-2A9C329F53CE}.Debug|Any CPU.Build.0 = Debug|Any CPU
		{950368F5-391B-4293-A108-2A9C329F53CE}.Release|Any CPU.ActiveCfg = Release|Any CPU
		{950368F5-391B-4293-A108-2A9C329F53CE}.Release|Any CPU.Build.0 = Release|Any CPU
		{7D2181D4-934A-4977-AC11-4546017A4353}.Debug|Any CPU.ActiveCfg = Debug|Any CPU
		{7D2181D4-934A-4977-AC11-4546017A4353}.Debug|Any CPU.Build.0 = Debug|Any CPU
		{7D2181D4-934A-4977-AC11-4546017A4353}.Release|Any CPU.ActiveCfg = Release|Any CPU
		{7D2181D4-934A-4977-AC11-4546017A4353}.Release|Any CPU.Build.0 = Release|Any CPU
		{17977547-44CF-463C-BD0E-E222E4507396}.Debug|Any CPU.ActiveCfg = Debug|Any CPU
		{17977547-44CF-463C-BD0E-E222E4507396}.Debug|Any CPU.Build.0 = Debug|Any CPU
		{17977547-44CF-463C-BD0E-E222E4507396}.Release|Any CPU.ActiveCfg = Release|Any CPU
		{17977547-44CF-463C-BD0E-E222E4507396}.Release|Any CPU.Build.0 = Release|Any CPU
		{32F0228F-AD3C-4073-9938-B82A2BB74F4E}.Debug|Any CPU.ActiveCfg = Debug|Any CPU
		{32F0228F-AD3C-4073-9938-B82A2BB74F4E}.Debug|Any CPU.Build.0 = Debug|Any CPU
		{32F0228F-AD3C-4073-9938-B82A2BB74F4E}.Release|Any CPU.ActiveCfg = Release|Any CPU
		{32F0228F-AD3C-4073-9938-B82A2BB74F4E}.Release|Any CPU.Build.0 = Release|Any CPU
	EndGlobalSection
	GlobalSection(SolutionProperties) = preSolution
		HideSolutionNode = FALSE
	EndGlobalSection
	GlobalSection(ExtensibilityGlobals) = postSolution
		SolutionGuid = {D76D014C-F894-4622-B918-BA0D687A4780}
	EndGlobalSection
EndGlobal
